
Microsoft Visual Studio Solution File, Format Version 12.00
# Visual Studio Version 16
VisualStudioVersion = 16.0.32413.511
MinimumVisualStudioVersion = 10.0.40219.1
Project("{FAE04EC0-301F-11D3-BF4B-00C04F79EFBC}") = "moq-playground", "moq-playground.csproj", "{E6A10F01-E13F-4D3D-836C-008B5F15DC5F}"
EndProject
Global
	GlobalSection(SolutionConfigurationPlatforms) = preSolution
		Debug|Any CPU = Debug|Any CPU
		Release|Any CPU = Release|Any CPU
	EndGlobalSection
	GlobalSection(ProjectConfigurationPlatforms) = postSolution
		{E6A10F01-E13F-4D3D-836C-008B5F15DC5F}.Debug|Any CPU.ActiveCfg = Debug|Any CPU
		{E6A10F01-E13F-4D3D-836C-008B5F15DC5F}.Debug|Any CPU.Build.0 = Debug|Any CPU
		{E6A10F01-E13F-4D3D-836C-008B5F15DC5F}.Release|Any CPU.ActiveCfg = Release|Any CPU
		{E6A10F01-E13F-4D3D-836C-008B5F15DC5F}.Release|Any CPU.Build.0 = Release|Any CPU
	EndGlobalSection
	GlobalSection(SolutionProperties) = preSolution
		HideSolutionNode = FALSE
	EndGlobalSection
	GlobalSection(ExtensibilityGlobals) = postSolution
		SolutionGuid = {9E543780-8BD4-435A-9449-6BAA209436C2}
	EndGlobalSection
EndGlobal
